PODS:
  - AXCollectionViewFlowLayout (1.0.1)
  - AXExtensions (1.2.5):
    - MJRefresh (~> 3.0.0)
  - AXImagePickerController (1.0.4):
    - AXExtensions
    - AXPracticalHUD
  - AXPracticalHUD (1.0.7)
  - MJRefresh (3.0.8)

DEPENDENCIES:
  - AXCollectionViewFlowLayout
  - AXExtensions
  - AXImagePickerController
  - AXPracticalHUD

SPEC CHECKSUMS:
  AXCollectionViewFlowLayout: bf02f0b0733741258e8afe2974b5e02fd645ce08
  AXExtensions: 84407bdb125bbdc52920dd631ef49a8b3ea00e57
  AXImagePickerController: 74f03dc0af772e07190a91cb8eec3fe81e121ebd
  AXPracticalHUD: b0a87276b9830b98ad79c4178f59717b777cfdcc
  MJRefresh: fafde8f18f4afd66b434331a9beb67a6c0264056

PODFILE CHECKSUM: 2846fe7d37c8c2709987e08f39c972e6fba28c93

COCOAPODS: 1.0.0.beta.8
