// !$*UTF8*$!
{
	archiveVersion = 1;
	classes = {
	};
	objectVersion = 46;
	objects = {

/* Begin PBXBuildFile section */
		01AB00021BFF3A6D00EEDF8C /* main.m in Sources */ = {isa = PBXBuildFile; fileRef = 01AB00011BFF3A6D00EEDF8C /* main.m */; };
		01AB00051BFF3A6D00EEDF8C /* AppDelegate.m in Sources */ = {isa = PBXBuildFile; fileRef = 01AB00041BFF3A6D00EEDF8C /* AppDelegate.m */; };
		01AB000B1BFF3A6D00EEDF8C /* Main.storyboard in Resources */ = {isa = PBXBuildFile; fileRef = 01AB00091BFF3A6D00EEDF8C /* Main.storyboard */; };
		01AB000D1BFF3A6D00EEDF8C /* Assets.xcassets in Resources */ = {isa = PBXBuildFile; fileRef = 01AB000C1BFF3A6D00EEDF8C /* Assets.xcassets */; };
		01AB00101BFF3A6D00EEDF8C /* LaunchScreen.storyboard in Resources */ = {isa = PBXBuildFile; fileRef = 01AB000E1BFF3A6D00EEDF8C /* LaunchScreen.storyboard */; };
		01AB00231BFF3AF400EEDF8C /* AXImagePickerCell.m in Sources */ = {isa = PBXBuildFile; fileRef = 01AB00191BFF3AF300EEDF8C /* AXImagePickerCell.m */; };
		01AB00241BFF3AF400EEDF8C /* AXPickerCollectionViewCell.m in Sources */ = {isa = PBXBuildFile; fileRef = 01AB001C1BFF3AF300EEDF8C /* AXPickerCollectionViewCell.m */; };
		01AB00261BFF3AF400EEDF8C /* AXPickerContentView.m in Sources */ = {isa = PBXBuildFile; fileRef = 01AB00201BFF3AF300EEDF8C /* AXPickerContentView.m */; };
		01AB00271BFF3AF400EEDF8C /* AXPickerView.m in Sources */ = {isa = PBXBuildFile; fileRef = 01AB00221BFF3AF300EEDF8C /* AXPickerView.m */; };
		01C0C5E51C02BD2300E0BF99 /* AXTableViewController.m in Sources */ = {isa = PBXBuildFile; fileRef = 01C0C5E41C02BD2300E0BF99 /* AXTableViewController.m */; };
		01C0C5E71C02E1C100E0BF99 /* TestImage.jpg in Resources */ = {isa = PBXBuildFile; fileRef = 01C0C5E61C02E1C100E0BF99 /* TestImage.jpg */; };
		01C0C5F71C030EB500E0BF99 /* AXPickerView.bundle in Resources */ = {isa = PBXBuildFile; fileRef = 01C0C5E81C02FBDA00E0BF99 /* AXPickerView.bundle */; };
		9B11C45086A2DA1B0958139F /* libPods-AXPickerView.a in Frameworks */ = {isa = PBXBuildFile; fileRef = F9B5A66C136CF949660AEFD5 /* libPods-AXPickerView.a */; };
/* End PBXBuildFile section */

/* Begin PBXFileReference section */
		01AB00011BFF3A6D00EEDF8C /* main.m */ = {isa = PBXFileReference; lastKnownFileType = sourcecode.c.objc; path = main.m; sourceTree = "<group>"; };
		01AB00031BFF3A6D00EEDF8C /* AppDelegate.h */ = {isa = PBXFileReference; lastKnownFileType = sourcecode.c.h; path = AppDelegate.h; sourceTree = "<group>"; };
		01AB00041BFF3A6D00EEDF8C /* AppDelegate.m */ = {isa = PBXFileReference; lastKnownFileType = sourcecode.c.objc; path = AppDelegate.m; sourceTree = "<group>"; };
		01AB000A1BFF3A6D00EEDF8C /* Base */ = {isa = PBXFileReference; lastKnownFileType = file.storyboard; name = Base; path = Base.lproj/Main.storyboard; sourceTree = "<group>"; };
		01AB000C1BFF3A6D00EEDF8C /* Assets.xcassets */ = {isa = PBXFileReference; lastKnownFileType = folder.assetcatalog; path = Assets.xcassets; sourceTree = "<group>"; };
		01AB000F1BFF3A6D00EEDF8C /* Base */ = {isa = PBXFileReference; lastKnownFileType = file.storyboard; name = Base; path = Base.lproj/LaunchScreen.storyboard; sourceTree = "<group>"; };
		01AB00111BFF3A6D00EEDF8C /* Info.plist */ = {isa = PBXFileReference; lastKnownFileType = text.plist.xml; path = Info.plist; sourceTree = "<group>"; };
		01AB00181BFF3AF300EEDF8C /* AXImagePickerCell.h */ = {isa = PBXFileReference; fileEncoding = 4; lastKnownFileType = sourcecode.c.h; path = AXImagePickerCell.h; sourceTree = "<group>"; };
		01AB00191BFF3AF300EEDF8C /* AXImagePickerCell.m */ = {isa = PBXFileReference; fileEncoding = 4; lastKnownFileType = sourcecode.c.objc; path = AXImagePickerCell.m; sourceTree = "<group>"; };
		01AB001B1BFF3AF300EEDF8C /* AXPickerCollectionViewCell.h */ = {isa = PBXFileReference; fileEncoding = 4; lastKnownFileType = sourcecode.c.h; path = AXPickerCollectionViewCell.h; sourceTree = "<group>"; };
		01AB001C1BFF3AF300EEDF8C /* AXPickerCollectionViewCell.m */ = {isa = PBXFileReference; fileEncoding = 4; lastKnownFileType = sourcecode.c.objc; path = AXPickerCollectionViewCell.m; sourceTree = "<group>"; };
		01AB001F1BFF3AF300EEDF8C /* AXPickerContentView.h */ = {isa = PBXFileReference; fileEncoding = 4; lastKnownFileType = sourcecode.c.h; path = AXPickerContentView.h; sourceTree = "<group>"; };
		01AB00201BFF3AF300EEDF8C /* AXPickerContentView.m */ = {isa = PBXFileReference; fileEncoding = 4; lastKnownFileType = sourcecode.c.objc; path = AXPickerContentView.m; sourceTree = "<group>"; };
		01AB00211BFF3AF300EEDF8C /* AXPickerView.h */ = {isa = PBXFileReference; fileEncoding = 4; lastKnownFileType = sourcecode.c.h; path = AXPickerView.h; sourceTree = "<group>"; };
		01AB00221BFF3AF300EEDF8C /* AXPickerView.m */ = {isa = PBXFileReference; fileEncoding = 4; lastKnownFileType = sourcecode.c.objc; path = AXPickerView.m; sourceTree = "<group>"; };
		01ABFFFD1BFF3A6D00EEDF8C /* AXPickerView.app */ = {isa = PBXFileReference; explicitFileType = wrapper.application; includeInIndex = 0; path = AXPickerView.app; sourceTree = BUILT_PRODUCTS_DIR; };
		01C0C5E31C02BD2300E0BF99 /* AXTableViewController.h */ = {isa = PBXFileReference; fileEncoding = 4; lastKnownFileType = sourcecode.c.h; path = AXTableViewController.h; sourceTree = "<group>"; };
		01C0C5E41C02BD2300E0BF99 /* AXTableViewController.m */ = {isa = PBXFileReference; fileEncoding = 4; lastKnownFileType = sourcecode.c.objc; path = AXTableViewController.m; sourceTree = "<group>"; };
		01C0C5E61C02E1C100E0BF99 /* TestImage.jpg */ = {isa = PBXFileReference; lastKnownFileType = image.jpeg; path = TestImage.jpg; sourceTree = "<group>"; };
		01C0C5E81C02FBDA00E0BF99 /* AXPickerView.bundle */ = {isa = PBXFileReference; lastKnownFileType = "wrapper.plug-in"; path = AXPickerView.bundle; sourceTree = "<group>"; };
		01C0C5F61C030C9100E0BF99 /* AXPickerViewConstants.h */ = {isa = PBXFileReference; lastKnownFileType = sourcecode.c.h; path = AXPickerViewConstants.h; sourceTree = "<group>"; };
		527D31FBB8A436205F384156 /* Pods-AXPickerView.release.xcconfig */ = {isa = PBXFileReference; includeInIndex = 1; lastKnownFileType = text.xcconfig; name = "Pods-AXPickerView.release.xcconfig"; path = "Pods/Target Support Files/Pods-AXPickerView/Pods-AXPickerView.release.xcconfig"; sourceTree = "<group>"; };
		D05707D41196567E52EA4C9A /* Pods-AXPickerView.debug.xcconfig */ = {isa = PBXFileReference; includeInIndex = 1; lastKnownFileType = text.xcconfig; name = "Pods-AXPickerView.debug.xcconfig"; path = "Pods/Target Support Files/Pods-AXPickerView/Pods-AXPickerView.debug.xcconfig"; sourceTree = "<group>"; };
		F9B5A66C136CF949660AEFD5 /* libPods-AXPickerView.a */ = {isa = PBXFileReference; explicitFileType = archive.ar; includeInIndex = 0; path = "libPods-AXPickerView.a"; sourceTree = BUILT_PRODUCTS_DIR; };
/* End PBXFileReference section */

/* Begin PBXFrameworksBuildPhase section */
		01ABFFFA1BFF3A6D00EEDF8C /* Frameworks */ = {
			isa = PBXFrameworksBuildPhase;
			buildActionMask = 2147483647;
			files = (
				9B11C45086A2DA1B0958139F /* libPods-AXPickerView.a in Frameworks */,
			);
			runOnlyForDeploymentPostprocessing = 0;
		};
/* End PBXFrameworksBuildPhase section */

/* Begin PBXGroup section */
		01AB00001BFF3A6D00EEDF8C /* Supporting Files */ = {
			isa = PBXGroup;
			children = (
				01AB00011BFF3A6D00EEDF8C /* main.m */,
			);
			name = "Supporting Files";
			sourceTree = "<group>";
		};
		01AB00171BFF3AF300EEDF8C /* AXPickerView */ = {
			isa = PBXGroup;
			children = (
				01C0C5E81C02FBDA00E0BF99 /* AXPickerView.bundle */,
				01AB001A1BFF3AF300EEDF8C /* AXPickerContentView */,
				01C0C5F61C030C9100E0BF99 /* AXPickerViewConstants.h */,
				01AB00181BFF3AF300EEDF8C /* AXImagePickerCell.h */,
				01AB00191BFF3AF300EEDF8C /* AXImagePickerCell.m */,
				01AB00211BFF3AF300EEDF8C /* AXPickerView.h */,
				01AB00221BFF3AF300EEDF8C /* AXPickerView.m */,
			);
			path = AXPickerView;
			sourceTree = "<group>";
		};
		01AB001A1BFF3AF300EEDF8C /* AXPickerContentView */ = {
			isa = PBXGroup;
			children = (
				01AB001B1BFF3AF300EEDF8C /* AXPickerCollectionViewCell.h */,
				01AB001C1BFF3AF300EEDF8C /* AXPickerCollectionViewCell.m */,
				01AB001F1BFF3AF300EEDF8C /* AXPickerContentView.h */,
				01AB00201BFF3AF300EEDF8C /* AXPickerContentView.m */,
			);
			path = AXPickerContentView;
			sourceTree = "<group>";
		};
		01ABFFF41BFF3A6D00EEDF8C = {
			isa = PBXGroup;
			children = (
				01ABFFFF1BFF3A6D00EEDF8C /* AXPickerView */,
				01ABFFFE1BFF3A6D00EEDF8C /* Products */,
				24B62369DBF61011A13F3F5F /* Pods */,
				4265925813FE91ADCC82DD07 /* Frameworks */,
			);
			sourceTree = "<group>";
		};
		01ABFFFE1BFF3A6D00EEDF8C /* Products */ = {
			isa = PBXGroup;
			children = (
				01ABFFFD1BFF3A6D00EEDF8C /* AXPickerView.app */,
			);
			name = Products;
			sourceTree = "<group>";
		};
		01ABFFFF1BFF3A6D00EEDF8C /* AXPickerView */ = {
			isa = PBXGroup;
			children = (
				01AB00031BFF3A6D00EEDF8C /* AppDelegate.h */,
				01AB00041BFF3A6D00EEDF8C /* AppDelegate.m */,
				01C0C5E31C02BD2300E0BF99 /* AXTableViewController.h */,
				01C0C5E41C02BD2300E0BF99 /* AXTableViewController.m */,
				01AB00171BFF3AF300EEDF8C /* AXPickerView */,
				01AB00091BFF3A6D00EEDF8C /* Main.storyboard */,
				01AB000C1BFF3A6D00EEDF8C /* Assets.xcassets */,
				01C0C5E61C02E1C100E0BF99 /* TestImage.jpg */,
				01AB000E1BFF3A6D00EEDF8C /* LaunchScreen.storyboard */,
				01AB00111BFF3A6D00EEDF8C /* Info.plist */,
				01AB00001BFF3A6D00EEDF8C /* Supporting Files */,
			);
			path = AXPickerView;
			sourceTree = "<group>";
		};
		24B62369DBF61011A13F3F5F /* Pods */ = {
			isa = PBXGroup;
			children = (
				D05707D41196567E52EA4C9A /* Pods-AXPickerView.debug.xcconfig */,
				527D31FBB8A436205F384156 /* Pods-AXPickerView.release.xcconfig */,
			);
			name = Pods;
			sourceTree = "<group>";
		};
		4265925813FE91ADCC82DD07 /* Frameworks */ = {
			isa = PBXGroup;
			children = (
				F9B5A66C136CF949660AEFD5 /* libPods-AXPickerView.a */,
			);
			name = Frameworks;
			sourceTree = "<group>";
		};
/* End PBXGroup section */

/* Begin PBXNativeTarget section */
		01ABFFFC1BFF3A6D00EEDF8C /* AXPickerView */ = {
			isa = PBXNativeTarget;
			buildConfigurationList = 01AB00141BFF3A6D00EEDF8C /* Build configuration list for PBXNativeTarget "AXPickerView" */;
			buildPhases = (
				9179E016D4E9275C75790E59 /* 📦 Check Pods Manifest.lock */,
				01ABFFF91BFF3A6D00EEDF8C /* Sources */,
				01ABFFFA1BFF3A6D00EEDF8C /* Frameworks */,
				01ABFFFB1BFF3A6D00EEDF8C /* Resources */,
				EA61D72571C1739EB995C914 /* 📦 Embed Pods Frameworks */,
				5E4419BF0260A693957B4A2D /* 📦 Copy Pods Resources */,
			);
			buildRules = (
			);
			dependencies = (
			);
			name = AXPickerView;
			productName = AXPickerView;
			productReference = 01ABFFFD1BFF3A6D00EEDF8C /* AXPickerView.app */;
			productType = "com.apple.product-type.application";
		};
/* End PBXNativeTarget section */

/* Begin PBXProject section */
		01ABFFF51BFF3A6D00EEDF8C /* Project object */ = {
			isa = PBXProject;
			attributes = {
				LastUpgradeCheck = 0710;
				ORGANIZATIONNAME = AiXing;
				TargetAttributes = {
					01ABFFFC1BFF3A6D00EEDF8C = {
						CreatedOnToolsVersion = 7.1.1;
					};
				};
			};
			buildConfigurationList = 01ABFFF81BFF3A6D00EEDF8C /* Build configuration list for PBXProject "AXPickerView" */;
			compatibilityVersion = "Xcode 3.2";
			developmentRegion = English;
			hasScannedForEncodings = 0;
			knownRegions = (
				en,
				Base,
			);
			mainGroup = 01ABFFF41BFF3A6D00EEDF8C;
			productRefGroup = 01ABFFFE1BFF3A6D00EEDF8C /* Products */;
			projectDirPath = "";
			projectRoot = "";
			targets = (
				01ABFFFC1BFF3A6D00EEDF8C /* AXPickerView */,
			);
		};
/* End PBXProject section */

/* Begin PBXResourcesBuildPhase section */
		01ABFFFB1BFF3A6D00EEDF8C /* Resources */ = {
			isa = PBXResourcesBuildPhase;
			buildActionMask = 2147483647;
			files = (
				01C0C5F71C030EB500E0BF99 /* AXPickerView.bundle in Resources */,
				01AB00101BFF3A6D00EEDF8C /* LaunchScreen.storyboard in Resources */,
				01C0C5E71C02E1C100E0BF99 /* TestImage.jpg in Resources */,
				01AB000D1BFF3A6D00EEDF8C /* Assets.xcassets in Resources */,
				01AB000B1BFF3A6D00EEDF8C /* Main.storyboard in Resources */,
			);
			runOnlyForDeploymentPostprocessing = 0;
		};
/* End PBXResourcesBuildPhase section */

/* Begin PBXShellScriptBuildPhase section */
		5E4419BF0260A693957B4A2D /* 📦 Copy Pods Resources */ = {
			isa = PBXShellScriptBuildPhase;
			buildActionMask = 2147483647;
			files = (
			);
			inputPaths = (
			);
			name = "📦 Copy Pods Resources";
			outputPaths = (
			);
			runOnlyForDeploymentPostprocessing = 0;
			shellPath = /bin/sh;
			shellScript = "\"${SRCROOT}/Pods/Target Support Files/Pods-AXPickerView/Pods-AXPickerView-resources.sh\"\n";
			showEnvVarsInLog = 0;
		};
		9179E016D4E9275C75790E59 /* 📦 Check Pods Manifest.lock */ = {
			isa = PBXShellScriptBuildPhase;
			buildActionMask = 2147483647;
			files = (
			);
			inputPaths = (
			);
			name = "📦 Check Pods Manifest.lock";
			outputPaths = (
			);
			runOnlyForDeploymentPostprocessing = 0;
			shellPath = /bin/sh;
			shellScript = "diff \"${PODS_ROOT}/../Podfile.lock\" \"${PODS_ROOT}/Manifest.lock\" > /dev/null\nif [[ $? != 0 ]] ; then\n    cat << EOM\nerror: The sandbox is not in sync with the Podfile.lock. Run 'pod install' or update your CocoaPods installation.\nEOM\n    exit 1\nfi\n";
			showEnvVarsInLog = 0;
		};
		EA61D72571C1739EB995C914 /* 📦 Embed Pods Frameworks */ = {
			isa = PBXShellScriptBuildPhase;
			buildActionMask = 2147483647;
			files = (
			);
			inputPaths = (
			);
			name = "📦 Embed Pods Frameworks";
			outputPaths = (
			);
			runOnlyForDeploymentPostprocessing = 0;
			shellPath = /bin/sh;
			shellScript = "\"${SRCROOT}/Pods/Target Support Files/Pods-AXPickerView/Pods-AXPickerView-frameworks.sh\"\n";
			showEnvVarsInLog = 0;
		};
/* End PBXShellScriptBuildPhase section */

/* Begin PBXSourcesBuildPhase section */
		01ABFFF91BFF3A6D00EEDF8C /* Sources */ = {
			isa = PBXSourcesBuildPhase;
			buildActionMask = 2147483647;
			files = (
				01AB00231BFF3AF400EEDF8C /* AXImagePickerCell.m in Sources */,
				01AB00051BFF3A6D00EEDF8C /* AppDelegate.m in Sources */,
				01AB00271BFF3AF400EEDF8C /* AXPickerView.m in Sources */,
				01C0C5E51C02BD2300E0BF99 /* AXTableViewController.m in Sources */,
				01AB00241BFF3AF400EEDF8C /* AXPickerCollectionViewCell.m in Sources */,
				01AB00261BFF3AF400EEDF8C /* AXPickerContentView.m in Sources */,
				01AB00021BFF3A6D00EEDF8C /* main.m in Sources */,
			);
			runOnlyForDeploymentPostprocessing = 0;
		};
/* End PBXSourcesBuildPhase section */

/* Begin PBXVariantGroup section */
		01AB00091BFF3A6D00EEDF8C /* Main.storyboard */ = {
			isa = PBXVariantGroup;
			children = (
				01AB000A1BFF3A6D00EEDF8C /* Base */,
			);
			name = Main.storyboard;
			sourceTree = "<group>";
		};
		01AB000E1BFF3A6D00EEDF8C /* LaunchScreen.storyboard */ = {
			isa = PBXVariantGroup;
			children = (
				01AB000F1BFF3A6D00EEDF8C /* Base */,
			);
			name = LaunchScreen.storyboard;
			sourceTree = "<group>";
		};
/* End PBXVariantGroup section */

/* Begin XCBuildConfiguration section */
		01AB00121BFF3A6D00EEDF8C /* Debug */ = {
			isa = XCBuildConfiguration;
			buildSettings = {
				ALWAYS_SEARCH_USER_PATHS = NO;
				CLANG_CXX_LANGUAGE_STANDARD = "gnu++0x";
				CLANG_CXX_LIBRARY = "libc++";
				CLANG_ENABLE_MODULES = YES;
				CLANG_ENABLE_OBJC_ARC = YES;
				CLANG_WARN_BOOL_CONVERSION = YES;
				CLANG_WARN_CONSTANT_CONVERSION = YES;
				CLANG_WARN_DIRECT_OBJC_ISA_USAGE = YES_ERROR;
				CLANG_WARN_EMPTY_BODY = YES;
				CLANG_WARN_ENUM_CONVERSION = YES;
				CLANG_WARN_INT_CONVERSION = YES;
				CLANG_WARN_OBJC_ROOT_CLASS = YES_ERROR;
				CLANG_WARN_UNREACHABLE_CODE = YES;
				CLANG_WARN__DUPLICATE_METHOD_MATCH = YES;
				"CODE_SIGN_IDENTITY[sdk=iphoneos*]" = "iPhone Developer";
				COPY_PHASE_STRIP = NO;
				DEBUG_INFORMATION_FORMAT = dwarf;
				ENABLE_STRICT_OBJC_MSGSEND = YES;
				ENABLE_TESTABILITY = YES;
				GCC_C_LANGUAGE_STANDARD = gnu99;
				GCC_DYNAMIC_NO_PIC = NO;
				GCC_NO_COMMON_BLOCKS = YES;
				GCC_OPTIMIZATION_LEVEL = 0;
				GCC_PREPROCESSOR_DEFINITIONS = (
					"DEBUG=1",
					"$(inherited)",
				);
				GCC_WARN_64_TO_32_BIT_CONVERSION = YES;
				GCC_WARN_ABOUT_RETURN_TYPE = YES_ERROR;
				GCC_WARN_UNDECLARED_SELECTOR = YES;
				GCC_WARN_UNINITIALIZED_AUTOS = YES_AGGRESSIVE;
				GCC_WARN_UNUSED_FUNCTION = YES;
				GCC_WARN_UNUSED_VARIABLE = YES;
				IPHONEOS_DEPLOYMENT_TARGET = 9.1;
				MTL_ENABLE_DEBUG_INFO = YES;
				ONLY_ACTIVE_ARCH = YES;
				SDKROOT = iphoneos;
			};
			name = Debug;
		};
		01AB00131BFF3A6D00EEDF8C /* Release */ = {
			isa = XCBuildConfiguration;
			buildSettings = {
				ALWAYS_SEARCH_USER_PATHS = NO;
				CLANG_CXX_LANGUAGE_STANDARD = "gnu++0x";
				CLANG_CXX_LIBRARY = "libc++";
				CLANG_ENABLE_MODULES = YES;
				CLANG_ENABLE_OBJC_ARC = YES;
				CLANG_WARN_BOOL_CONVERSION = YES;
				CLANG_WARN_CONSTANT_CONVERSION = YES;
				CLANG_WARN_DIRECT_OBJC_ISA_USAGE = YES_ERROR;
				CLANG_WARN_EMPTY_BODY = YES;
				CLANG_WARN_ENUM_CONVERSION = YES;
				CLANG_WARN_INT_CONVERSION = YES;
				CLANG_WARN_OBJC_ROOT_CLASS = YES_ERROR;
				CLANG_WARN_UNREACHABLE_CODE = YES;
				CLANG_WARN__DUPLICATE_METHOD_MATCH = YES;
				"CODE_SIGN_IDENTITY[sdk=iphoneos*]" = "iPhone Developer";
				COPY_PHASE_STRIP = NO;
				DEBUG_INFORMATION_FORMAT = "dwarf-with-dsym";
				ENABLE_NS_ASSERTIONS = NO;
				ENABLE_STRICT_OBJC_MSGSEND = YES;
				GCC_C_LANGUAGE_STANDARD = gnu99;
				GCC_NO_COMMON_BLOCKS = YES;
				GCC_WARN_64_TO_32_BIT_CONVERSION = YES;
				GCC_WARN_ABOUT_RETURN_TYPE = YES_ERROR;
				GCC_WARN_UNDECLARED_SELECTOR = YES;
				GCC_WARN_UNINITIALIZED_AUTOS = YES_AGGRESSIVE;
				GCC_WARN_UNUSED_FUNCTION = YES;
				GCC_WARN_UNUSED_VARIABLE = YES;
				IPHONEOS_DEPLOYMENT_TARGET = 9.1;
				MTL_ENABLE_DEBUG_INFO = NO;
				SDKROOT = iphoneos;
				VALIDATE_PRODUCT = YES;
			};
			name = Release;
		};
		01AB00151BFF3A6D00EEDF8C /* Debug */ = {
			isa = XCBuildConfiguration;
			baseConfigurationReference = D05707D41196567E52EA4C9A /* Pods-AXPickerView.debug.xcconfig */;
			buildSettings = {
				ASSETCATALOG_COMPILER_APPICON_NAME = AppIcon;
				INFOPLIST_FILE = AXPickerView/Info.plist;
				IPHONEOS_DEPLOYMENT_TARGET = 7.0;
				LD_RUNPATH_SEARCH_PATHS = "$(inherited) @executable_path/Frameworks";
				PRODUCT_BUNDLE_IDENTIFIER = KEEPStudio.AXPickerView;
				PRODUCT_NAME = "$(TARGET_NAME)";
			};
			name = Debug;
		};
		01AB00161BFF3A6D00EEDF8C /* Release */ = {
			isa = XCBuildConfiguration;
			baseConfigurationReference = 527D31FBB8A436205F384156 /* Pods-AXPickerView.release.xcconfig */;
			buildSettings = {
				ASSETCATALOG_COMPILER_APPICON_NAME = AppIcon;
				INFOPLIST_FILE = AXPickerView/Info.plist;
				IPHONEOS_DEPLOYMENT_TARGET = 7.0;
				LD_RUNPATH_SEARCH_PATHS = "$(inherited) @executable_path/Frameworks";
				PRODUCT_BUNDLE_IDENTIFIER = KEEPStudio.AXPickerView;
				PRODUCT_NAME = "$(TARGET_NAME)";
			};
			name = Release;
		};
/* End XCBuildConfiguration section */

/* Begin XCConfigurationList section */
		01AB00141BFF3A6D00EEDF8C /* Build configuration list for PBXNativeTarget "AXPickerView" */ = {
			isa = XCConfigurationList;
			buildConfigurations = (
				01AB00151BFF3A6D00EEDF8C /* Debug */,
				01AB00161BFF3A6D00EEDF8C /* Release */,
			);
			defaultConfigurationIsVisible = 0;
			defaultConfigurationName = Release;
		};
		01ABFFF81BFF3A6D00EEDF8C /* Build configuration list for PBXProject "AXPickerView" */ = {
			isa = XCConfigurationList;
			buildConfigurations = (
				01AB00121BFF3A6D00EEDF8C /* Debug */,
				01AB00131BFF3A6D00EEDF8C /* Release */,
			);
			defaultConfigurationIsVisible = 0;
			defaultConfigurationName = Release;
		};
/* End XCConfigurationList section */
	};
	rootObject = 01ABFFF51BFF3A6D00EEDF8C /* Project object */;
}
